Microsoft Visual Studio Solution File, Format Version 11.00
# Visual Studio 2008

Project("{1FFC34B2-74F4-0931-5F9A-636C96DE2848}") = "Snacon", "Assembly-CSharp-vs.csproj", "{89372AC5-6391-EF58-4B4D-A6C89CD39B54}"
EndProject
Project("{1FFC34B2-74F4-0931-5F9A-636C96DE2848}") = "Snacon", "Assembly-CSharp-Editor-vs.csproj", "{2A24321E-FB21-E43D-9AC5-F9035EA9C64E}"
EndProject
Global
	GlobalSection(SolutionConfigurationPlatforms) = preSolution
		Debug|Any CPU = Debug|Any CPU
		Release|Any CPU = Release|Any CPU
	EndGlobalSection
	GlobalSection(ProjectConfigurationPlatforms) = postSolution
		{89372AC5-6391-EF58-4B4D-A6C89CD39B54}.Debug|Any CPU.ActiveCfg = Debug|Any CPU
		{89372AC5-6391-EF58-4B4D-A6C89CD39B54}.Debug|Any CPU.Build.0 = Debug|Any CPU
		{89372AC5-6391-EF58-4B4D-A6C89CD39B54}.Release|Any CPU.ActiveCfg = Release|Any CPU
		{89372AC5-6391-EF58-4B4D-A6C89CD39B54}.Release|Any CPU.Build.0 = Release|Any CPU
		{2A24321E-FB21-E43D-9AC5-F9035EA9C64E}.Debug|Any CPU.ActiveCfg = Debug|Any CPU
		{2A24321E-FB21-E43D-9AC5-F9035EA9C64E}.Debug|Any CPU.Build.0 = Debug|Any CPU
		{2A24321E-FB21-E43D-9AC5-F9035EA9C64E}.Release|Any CPU.ActiveCfg = Release|Any CPU
		{2A24321E-FB21-E43D-9AC5-F9035EA9C64E}.Release|Any CPU.Build.0 = Release|Any CPU
	EndGlobalSection
	GlobalSection(SolutionProperties) = preSolution
		HideSolutionNode = FALSE
	EndGlobalSection
																																																																																																																																																																GlobalSection(MonoDevelopProperties) = preSolution
		StartupItem = Assembly-CSharp.csproj
		Policies = $0
		$0.TextStylePolicy = $1
		$1.inheritsSet = null
		$1.scope = text/x-csharp
		$0.CSharpFormattingPolicy = $2
		$2.inheritsSet = Mono
		$2.inheritsScope = text/x-csharp
		$2.scope = text/x-csharp
		$0.TextStylePolicy = $3
		$3.FileWidth = 120
		$3.TabWidth = 4
		$3.EolMarker = Unix
		$3.inheritsSet = Mono
		$3.inheritsScope = text/plain
		$3.scope = text/plain
	EndGlobalSection

EndGlobal
